// !$*UTF8*$!
{
	archiveVersion = 1;
	classes = {
	};
	objectVersion = 55;
	objects = {

/* Begin PBXBuildFile section */
		330BD26B288EBBA100866B41 /* Goal.swift in Sources */ = {isa = PBXBuildFile; fileRef = 330BD26A288EBBA100866B41 /* Goal.swift */; };
		330BD270288FFD2000866B41 /* PersonalGoalsViewController.swift in Sources */ = {isa = PBXBuildFile; fileRef = 330BD26F288FFD2000866B41 /* PersonalGoalsViewController.swift */; };
		330FE64828BD17B90025BC90 /* FirestoreService.swift in Sources */ = {isa = PBXBuildFile; fileRef = 330FE64728BD17B90025BC90 /* FirestoreService.swift */; };
		332B753C28D6CC4B00172113 /* MainTabBarController.swift in Sources */ = {isa = PBXBuildFile; fileRef = 332B753B28D6CC4B00172113 /* MainTabBarController.swift */; };
		3341FE3C2892A5CF00A8D58F /* AddNewGoalViewController.swift in Sources */ = {isa = PBXBuildFile; fileRef = 3341FE3B2892A5CF00A8D58F /* AddNewGoalViewController.swift */; };
		3352D63F2879F2F900441868 /* AppDelegate.swift in Sources */ = {isa = PBXBuildFile; fileRef = 3352D63E2879F2F900441868 /* AppDelegate.swift */; };
		3352D6412879F2F900441868 /* SceneDelegate.swift in Sources */ = {isa = PBXBuildFile; fileRef = 3352D6402879F2F900441868 /* SceneDelegate.swift */; };
		3352D6432879F2F900441868 /* HomeViewController.swift in Sources */ = {isa = PBXBuildFile; fileRef = 3352D6422879F2F900441868 /* HomeViewController.swift */; };
		3352D6462879F2F900441868 /* Main.storyboard in Resources */ = {isa = PBXBuildFile; fileRef = 3352D6442879F2F900441868 /* Main.storyboard */; };
		3352D64B2879F2FF00441868 /* Assets.xcassets in Resources */ = {isa = PBXBuildFile; fileRef = 3352D64A2879F2FF00441868 /* Assets.xcassets */; };
		3352D64E2879F2FF00441868 /* LaunchScreen.storyboard in Resources */ = {isa = PBXBuildFile; fileRef = 3352D64C2879F2FF00441868 /* LaunchScreen.storyboard */; };
		3362D0F728BBCE6C00471A08 /* FirebaseFirestore in Frameworks */ = {isa = PBXBuildFile; productRef = 3362D0F628BBCE6C00471A08 /* FirebaseFirestore */; };
		336CAA1B28C8AB9600258135 /* GoogleService-Info.plist in Resources */ = {isa = PBXBuildFile; fileRef = 336CAA1A28C8AB9400258135 /* GoogleService-Info.plist */; };
		336E5E1528CBB29F0025F245 /* FirebaseAuth in Frameworks */ = {isa = PBXBuildFile; productRef = 336E5E1428CBB29F0025F245 /* FirebaseAuth */; };
		336E5E1728CD015E0025F245 /* LoginViewController.swift in Sources */ = {isa = PBXBuildFile; fileRef = 336E5E1628CD015E0025F245 /* LoginViewController.swift */; };
		336E5E1A28CD0B330025F245 /* Home.storyboard in Resources */ = {isa = PBXBuildFile; fileRef = 336E5E1828CD0B330025F245 /* Home.storyboard */; };
		336EB941287DD5FD009BDA08 /* CircularProgressView.swift in Sources */ = {isa = PBXBuildFile; fileRef = 336EB940287DD5FD009BDA08 /* CircularProgressView.swift */; };
		3374EDE328D2413000FE9677 /* FirebaseAuthService.swift in Sources */ = {isa = PBXBuildFile; fileRef = 3374EDE228D2413000FE9677 /* FirebaseAuthService.swift */; };
		3374EDE528D2418500FE9677 /* LoginRequest.swift in Sources */ = {isa = PBXBuildFile; fileRef = 3374EDE428D2418500FE9677 /* LoginRequest.swift */; };
		3374EDE828D242D300FE9677 /* Validation.swift in Sources */ = {isa = PBXBuildFile; fileRef = 3374EDE728D242D300FE9677 /* Validation.swift */; };
		3374EDEA28D2439500FE9677 /* ValidationResult.swift in Sources */ = {isa = PBXBuildFile; fileRef = 3374EDE928D2439500FE9677 /* ValidationResult.swift */; };
		3374EDEC28D2441600FE9677 /* String + Extension.swift in Sources */ = {isa = PBXBuildFile; fileRef = 3374EDEB28D2441600FE9677 /* String + Extension.swift */; };
		3374EDEE28D2463A00FE9677 /* LoginResponse.swift in Sources */ = {isa = PBXBuildFile; fileRef = 3374EDED28D2463A00FE9677 /* LoginResponse.swift */; };
		33A024B728E36A0B00FF199B /* ProfileViewController.swift in Sources */ = {isa = PBXBuildFile; fileRef = 33A024B628E36A0B00FF199B /* ProfileViewController.swift */; };
		33B8E2D228CF4EF5005FC980 /* UITextField + Extension.swift in Sources */ = {isa = PBXBuildFile; fileRef = 33B8E2D128CF4EF5005FC980 /* UITextField + Extension.swift */; };
		33BA7D5628B7C9000025DCDD /* AddNewGoal.storyboard in Resources */ = {isa = PBXBuildFile; fileRef = 33BA7D5428B7C9000025DCDD /* AddNewGoal.storyboard */; };
		33BA7D5828B7D3BD0025DCDD /* PersonalGoals.storyboard in Resources */ = {isa = PBXBuildFile; fileRef = 33BA7D5728B7D3BD0025DCDD /* PersonalGoals.storyboard */; };
		33CB299328D367FD003D64A5 /* SignUpRequest.swift in Sources */ = {isa = PBXBuildFile; fileRef = 33CB299228D367FD003D64A5 /* SignUpRequest.swift */; };
		33D45F982885C47F00167A95 /* UIColor + Extension.swift in Sources */ = {isa = PBXBuildFile; fileRef = 33D45F972885C47F00167A95 /* UIColor + Extension.swift */; };
		33DDDA4328E0D236005DFE11 /* GoalsDataFetchService.swift in Sources */ = {isa = PBXBuildFile; fileRef = 33DDDA4228E0D236005DFE11 /* GoalsDataFetchService.swift */; };
		33DEFCE828830FAE00A68414 /* TableViewCell.swift in Sources */ = {isa = PBXBuildFile; fileRef = 33DEFCE628830FAD00A68414 /* TableViewCell.swift */; };
		33DEFCE928830FAE00A68414 /* TableViewCell.xib in Resources */ = {isa = PBXBuildFile; fileRef = 33DEFCE728830FAD00A68414 /* TableViewCell.xib */; };
		33E1620728CF9BE5001CC1D4 /* Constants.swift in Sources */ = {isa = PBXBuildFile; fileRef = 33E1620628CF9BE5001CC1D4 /* Constants.swift */; };
		33E1620928CFA738001CC1D4 /* SignUpViewController.swift in Sources */ = {isa = PBXBuildFile; fileRef = 33E1620828CFA738001CC1D4 /* SignUpViewController.swift */; };
/* End PBXBuildFile section */

/* Begin PBXContainerItemProxy section */
		3352D6552879F30100441868 /* PBXContainerItemProxy */ = {
			isa = PBXContainerItemProxy;
			containerPortal = 3352D6332879F2F900441868 /* Project object */;
			proxyType = 1;
			remoteGlobalIDString = 3352D63A2879F2F900441868;
			remoteInfo = "Goal App";
		};
		3352D65F2879F30100441868 /* PBXContainerItemProxy */ = {
			isa = PBXContainerItemProxy;
			containerPortal = 3352D6332879F2F900441868 /* Project object */;
			proxyType = 1;
			remoteGlobalIDString = 3352D63A2879F2F900441868;
			remoteInfo = "Goal App";
		};
/* End PBXContainerItemProxy section */

/* Begin PBXFileReference section */
		330BD26A288EBBA100866B41 /* Goal.swift */ = {isa = PBXFileReference; lastKnownFileType = sourcecode.swift; path = Goal.swift; sourceTree = "<group>"; };
		330BD26F288FFD2000866B41 /* PersonalGoalsViewController.swift */ = {isa = PBXFileReference; lastKnownFileType = sourcecode.swift; path = PersonalGoalsViewController.swift; sourceTree = "<group>"; };
		330FE64728BD17B90025BC90 /* FirestoreService.swift */ = {isa = PBXFileReference; lastKnownFileType = sourcecode.swift; path = FirestoreService.swift; sourceTree = "<group>"; };
		332B753B28D6CC4B00172113 /* MainTabBarController.swift */ = {isa = PBXFileReference; lastKnownFileType = sourcecode.swift; path = MainTabBarController.swift; sourceTree = "<group>"; };
		3341FE3B2892A5CF00A8D58F /* AddNewGoalViewController.swift */ = {isa = PBXFileReference; lastKnownFileType = sourcecode.swift; path = AddNewGoalViewController.swift; sourceTree = "<group>"; };
		3352D63B2879F2F900441868 /* Goal App.app */ = {isa = PBXFileReference; explicitFileType = wrapper.application; includeInIndex = 0; path = "Goal App.app"; sourceTree = BUILT_PRODUCTS_DIR; };
		3352D63E2879F2F900441868 /* AppDelegate.swift */ = {isa = PBXFileReference; lastKnownFileType = sourcecode.swift; path = AppDelegate.swift; sourceTree = "<group>"; };
		3352D6402879F2F900441868 /* SceneDelegate.swift */ = {isa = PBXFileReference; lastKnownFileType = sourcecode.swift; path = SceneDelegate.swift; sourceTree = "<group>"; };
		3352D6422879F2F900441868 /* HomeViewController.swift */ = {isa = PBXFileReference; lastKnownFileType = sourcecode.swift; path = HomeViewController.swift; sourceTree = "<group>"; };
		3352D6452879F2F900441868 /* Base */ = {isa = PBXFileReference; lastKnownFileType = file.storyboard; name = Base; path = Base.lproj/Main.storyboard; sourceTree = "<group>"; };
		3352D64A2879F2FF00441868 /* Assets.xcassets */ = {isa = PBXFileReference; lastKnownFileType = folder.assetcatalog; path = Assets.xcassets; sourceTree = "<group>"; };
		3352D64D2879F2FF00441868 /* Base */ = {isa = PBXFileReference; lastKnownFileType = file.storyboard; name = Base; path = Base.lproj/LaunchScreen.storyboard; sourceTree = "<group>"; };
		3352D6542879F30100441868 /* Goal AppTests.xctest */ = {isa = PBXFileReference; explicitFileType = wrapper.cfbundle; includeInIndex = 0; path = "Goal AppTests.xctest"; sourceTree = BUILT_PRODUCTS_DIR; };
		3352D65E2879F30100441868 /* Goal AppUITests.xctest */ = {isa = PBXFileReference; explicitFileType = wrapper.cfbundle; includeInIndex = 0; path = "Goal AppUITests.xctest"; sourceTree = BUILT_PRODUCTS_DIR; };
		336CAA1A28C8AB9400258135 /* GoogleService-Info.plist */ = {isa = PBXFileReference; fileEncoding = 4; lastKnownFileType = text.plist.xml; path = "GoogleService-Info.plist"; sourceTree = "<group>"; };
		336E5E1628CD015E0025F245 /* LoginViewController.swift */ = {isa = PBXFileReference; lastKnownFileType = sourcecode.swift; path = LoginViewController.swift; sourceTree = "<group>"; };
		336E5E1928CD0B330025F245 /* Base */ = {isa = PBXFileReference; lastKnownFileType = file.storyboard; name = Base; path = "Goal App/View/Base.lproj/Home.storyboard"; sourceTree = "<group>"; };
		336EB940287DD5FD009BDA08 /* CircularProgressView.swift */ = {isa = PBXFileReference; lastKnownFileType = sourcecode.swift; path = CircularProgressView.swift; sourceTree = "<group>"; };
		3374EDE228D2413000FE9677 /* FirebaseAuthService.swift */ = {isa = PBXFileReference; lastKnownFileType = sourcecode.swift; path = FirebaseAuthService.swift; sourceTree = "<group>"; };
		3374EDE428D2418500FE9677 /* LoginRequest.swift */ = {isa = PBXFileReference; lastKnownFileType = sourcecode.swift; path = LoginRequest.swift; sourceTree = "<group>"; };
		3374EDE728D242D300FE9677 /* Validation.swift */ = {isa = PBXFileReference; lastKnownFileType = sourcecode.swift; path = Validation.swift; sourceTree = "<group>"; };
		3374EDE928D2439500FE9677 /* ValidationResult.swift */ = {isa = PBXFileReference; lastKnownFileType = sourcecode.swift; path = ValidationResult.swift; sourceTree = "<group>"; };
		3374EDEB28D2441600FE9677 /* String + Extension.swift */ = {isa = PBXFileReference; lastKnownFileType = sourcecode.swift; path = "String + Extension.swift"; sourceTree = "<group>"; };
		3374EDED28D2463A00FE9677 /* LoginResponse.swift */ = {isa = PBXFileReference; lastKnownFileType = sourcecode.swift; path = LoginResponse.swift; sourceTree = "<group>"; };
		33A024B628E36A0B00FF199B /* ProfileViewController.swift */ = {isa = PBXFileReference; lastKnownFileType = sourcecode.swift; path = ProfileViewController.swift; sourceTree = "<group>"; };
		33B8E2D128CF4EF5005FC980 /* UITextField + Extension.swift */ = {isa = PBXFileReference; lastKnownFileType = sourcecode.swift; path = "UITextField + Extension.swift"; sourceTree = "<group>"; };
		33BA7D5528B7C9000025DCDD /* Base */ = {isa = PBXFileReference; lastKnownFileType = file.storyboard; name = Base; path = "Goal App/View/Base.lproj/AddNewGoal.storyboard"; sourceTree = "<group>"; };
		33BA7D5728B7D3BD0025DCDD /* PersonalGoals.storyboard */ = {isa = PBXFileReference; fileEncoding = 4; lastKnownFileType = file.storyboard; path = PersonalGoals.storyboard; sourceTree = "<group>"; };
		33CB299228D367FD003D64A5 /* SignUpRequest.swift */ = {isa = PBXFileReference; lastKnownFileType = sourcecode.swift; path = SignUpRequest.swift; sourceTree = "<group>"; };
		33D45F972885C47F00167A95 /* UIColor + Extension.swift */ = {isa = PBXFileReference; lastKnownFileType = sourcecode.swift; path = "UIColor + Extension.swift"; sourceTree = "<group>"; };
		33DDDA4228E0D236005DFE11 /* GoalsDataFetchService.swift */ = {isa = PBXFileReference; lastKnownFileType = sourcecode.swift; path = GoalsDataFetchService.swift; sourceTree = "<group>"; };
		33DEFCE628830FAD00A68414 /* TableViewCell.swift */ = {isa = PBXFileReference; lastKnownFileType = sourcecode.swift; path = TableViewCell.swift; sourceTree = "<group>"; };
		33DEFCE728830FAD00A68414 /* TableViewCell.xib */ = {isa = PBXFileReference; lastKnownFileType = file.xib; path = TableViewCell.xib; sourceTree = "<group>"; };
		33E1620628CF9BE5001CC1D4 /* Constants.swift */ = {isa = PBXFileReference; lastKnownFileType = sourcecode.swift; path = Constants.swift; sourceTree = "<group>"; };
		33E1620828CFA738001CC1D4 /* SignUpViewController.swift */ = {isa = PBXFileReference; lastKnownFileType = sourcecode.swift; path = SignUpViewController.swift; sourceTree = "<group>"; };
/* End PBXFileReference section */

/* Begin PBXFrameworksBuildPhase section */
		3352D6382879F2F900441868 /* Frameworks */ = {
			isa = PBXFrameworksBuildPhase;
			buildActionMask = 2147483647;
			files = (
				3362D0F728BBCE6C00471A08 /* FirebaseFirestore in Frameworks */,
				336E5E1528CBB29F0025F245 /* FirebaseAuth in Frameworks */,
			);
			runOnlyForDeploymentPostprocessing = 0;
		};
		3352D6512879F30100441868 /* Frameworks */ = {
			isa = PBXFrameworksBuildPhase;
			buildActionMask = 2147483647;
			files = (
			);
			runOnlyForDeploymentPostprocessing = 0;
		};
		3352D65B2879F30100441868 /* Frameworks */ = {
			isa = PBXFrameworksBuildPhase;
			buildActionMask = 2147483647;
			files = (
			);
			runOnlyForDeploymentPostprocessing = 0;
		};
/* End PBXFrameworksBuildPhase section */

/* Begin PBXGroup section */
		330BD26C288EBBB800866B41 /* Model */ = {
			isa = PBXGroup;
			children = (
				330BD26A288EBBA100866B41 /* Goal.swift */,
				3374EDEF28D2464900FE9677 /* Login */,
				33CB299228D367FD003D64A5 /* SignUpRequest.swift */,
			);
			path = Model;
			sourceTree = "<group>";
		};
		330BD26D288EBBCD00866B41 /* View */ = {
			isa = PBXGroup;
			children = (
				33BA7D5428B7C9000025DCDD /* AddNewGoal.storyboard */,
				336EB940287DD5FD009BDA08 /* CircularProgressView.swift */,
				336E5E1828CD0B330025F245 /* Home.storyboard */,
				3352D64C2879F2FF00441868 /* LaunchScreen.storyboard */,
				3352D6442879F2F900441868 /* Main.storyboard */,
				33BA7D5728B7D3BD0025DCDD /* PersonalGoals.storyboard */,
				33DEFCE728830FAD00A68414 /* TableViewCell.xib */,
			);
			path = View;
			sourceTree = "<group>";
		};
		330BD26E288EBBDC00866B41 /* Extension */ = {
			isa = PBXGroup;
			children = (
				3374EDEB28D2441600FE9677 /* String + Extension.swift */,
				33D45F972885C47F00167A95 /* UIColor + Extension.swift */,
				33B8E2D128CF4EF5005FC980 /* UITextField + Extension.swift */,
			);
			path = Extension;
			sourceTree = "<group>";
		};
		330FE64928BD17CA0025BC90 /* Services */ = {
			isa = PBXGroup;
			children = (
				3374EDE228D2413000FE9677 /* FirebaseAuthService.swift */,
				330FE64728BD17B90025BC90 /* FirestoreService.swift */,
				33DDDA4228E0D236005DFE11 /* GoalsDataFetchService.swift */,
			);
			path = Services;
			sourceTree = "<group>";
		};
		3352D6322879F2F900441868 = {
			isa = PBXGroup;
			children = (
				3352D63D2879F2F900441868 /* Goal App */,
				3352D63C2879F2F900441868 /* Products */,
			);
			sourceTree = "<group>";
		};
		3352D63C2879F2F900441868 /* Products */ = {
			isa = PBXGroup;
			children = (
				3352D63B2879F2F900441868 /* Goal App.app */,
				3352D6542879F30100441868 /* Goal AppTests.xctest */,
				3352D65E2879F30100441868 /* Goal AppUITests.xctest */,
			);
			name = Products;
			sourceTree = "<group>";
		};
		3352D63D2879F2F900441868 /* Goal App */ = {
			isa = PBXGroup;
			children = (
				3352D63E2879F2F900441868 /* AppDelegate.swift */,
				3352D6402879F2F900441868 /* SceneDelegate.swift */,
				3352D64A2879F2FF00441868 /* Assets.xcassets */,
				33B8E2D328CF9B73005FC980 /* Constants */,
				33E2FA3628B53B8F0089DA75 /* Controllers */,
				330BD26E288EBBDC00866B41 /* Extension */,
				336CAA1A28C8AB9400258135 /* GoogleService-Info.plist */,
				330BD26C288EBBB800866B41 /* Model */,
				330FE64928BD17CA0025BC90 /* Services */,
				3374EDE628D242C500FE9677 /* Validation */,
				330BD26D288EBBCD00866B41 /* View */,
			);
			path = "Goal App";
			sourceTree = "<group>";
		};
		3374EDE628D242C500FE9677 /* Validation */ = {
			isa = PBXGroup;
			children = (
				3374EDE728D242D300FE9677 /* Validation.swift */,
				3374EDE928D2439500FE9677 /* ValidationResult.swift */,
			);
			path = Validation;
			sourceTree = "<group>";
		};
		3374EDEF28D2464900FE9677 /* Login */ = {
			isa = PBXGroup;
			children = (
				3374EDED28D2463A00FE9677 /* LoginResponse.swift */,
				3374EDE428D2418500FE9677 /* LoginRequest.swift */,
			);
			path = Login;
			sourceTree = "<group>";
		};
		33B8E2D328CF9B73005FC980 /* Constants */ = {
			isa = PBXGroup;
			children = (
				33E1620628CF9BE5001CC1D4 /* Constants.swift */,
			);
			path = Constants;
			sourceTree = "<group>";
		};
		33E2FA3628B53B8F0089DA75 /* Controllers */ = {
			isa = PBXGroup;
			children = (
				3341FE3B2892A5CF00A8D58F /* AddNewGoalViewController.swift */,
				3352D6422879F2F900441868 /* HomeViewController.swift */,
				336E5E1628CD015E0025F245 /* LoginViewController.swift */,
				332B753B28D6CC4B00172113 /* MainTabBarController.swift */,
				330BD26F288FFD2000866B41 /* PersonalGoalsViewController.swift */,
				33A024B628E36A0B00FF199B /* ProfileViewController.swift */,
				33E1620828CFA738001CC1D4 /* SignUpViewController.swift */,
				33DEFCE628830FAD00A68414 /* TableViewCell.swift */,
			);
			path = Controllers;
			sourceTree = "<group>";
		};
/* End PBXGroup section */

/* Begin PBXNativeTarget section */
		3352D63A2879F2F900441868 /* Goal App */ = {
			isa = PBXNativeTarget;
			buildConfigurationList = 3352D6682879F30100441868 /* Build configuration list for PBXNativeTarget "Goal App" */;
			buildPhases = (
				33505EC528B6063E006C304F /* ShellScript */,
				3352D6372879F2F900441868 /* Sources */,
				3352D6382879F2F900441868 /* Frameworks */,
				3352D6392879F2F900441868 /* Resources */,
			);
			buildRules = (
			);
			dependencies = (
			);
			name = "Goal App";
			packageProductDependencies = (
				3362D0F628BBCE6C00471A08 /* FirebaseFirestore */,
				336E5E1428CBB29F0025F245 /* FirebaseAuth */,
			);
			productName = "Goal App";
			productReference = 3352D63B2879F2F900441868 /* Goal App.app */;
			productType = "com.apple.product-type.application";
		};
		3352D6532879F30100441868 /* Goal AppTests */ = {
			isa = PBXNativeTarget;
			buildConfigurationList = 3352D66B2879F30100441868 /* Build configuration list for PBXNativeTarget "Goal AppTests" */;
			buildPhases = (
				3352D6502879F30100441868 /* Sources */,
				3352D6512879F30100441868 /* Frameworks */,
				3352D6522879F30100441868 /* Resources */,
			);
			buildRules = (
			);
			dependencies = (
				3352D6562879F30100441868 /* PBXTargetDependency */,
			);
			name = "Goal AppTests";
			productName = "Goal AppTests";
			productReference = 3352D6542879F30100441868 /* Goal AppTests.xctest */;
			productType = "com.apple.product-type.bundle.unit-test";
		};
		3352D65D2879F30100441868 /* Goal AppUITests */ = {
			isa = PBXNativeTarget;
			buildConfigurationList = 3352D66E2879F30100441868 /* Build configuration list for PBXNativeTarget "Goal AppUITests" */;
			buildPhases = (
				3352D65A2879F30100441868 /* Sources */,
				3352D65B2879F30100441868 /* Frameworks */,
				3352D65C2879F30100441868 /* Resources */,
			);
			buildRules = (
			);
			dependencies = (
				3352D6602879F30100441868 /* PBXTargetDependency */,
			);
			name = "Goal AppUITests";
			productName = "Goal AppUITests";
			productReference = 3352D65E2879F30100441868 /* Goal AppUITests.xctest */;
			productType = "com.apple.product-type.bundle.ui-testing";
		};
/* End PBXNativeTarget section */

/* Begin PBXProject section */
		3352D6332879F2F900441868 /* Project object */ = {
			isa = PBXProject;
			attributes = {
				BuildIndependentTargetsInParallel = 1;
				LastSwiftUpdateCheck = 1400;
				LastUpgradeCheck = 1400;
				TargetAttributes = {
					3352D63A2879F2F900441868 = {
						CreatedOnToolsVersion = 14.0;
					};
					3352D6532879F30100441868 = {
						CreatedOnToolsVersion = 14.0;
						TestTargetID = 3352D63A2879F2F900441868;
					};
					3352D65D2879F30100441868 = {
						CreatedOnToolsVersion = 14.0;
						TestTargetID = 3352D63A2879F2F900441868;
					};
				};
			};
			buildConfigurationList = 3352D6362879F2F900441868 /* Build configuration list for PBXProject "Goal App" */;
			compatibilityVersion = "Xcode 13.0";
			developmentRegion = en;
			hasScannedForEncodings = 0;
			knownRegions = (
				en,
				Base,
			);
			mainGroup = 3352D6322879F2F900441868;
			packageReferences = (
				3362D0F528BBCE6C00471A08 /* XCRemoteSwiftPackageReference "firebase-ios-sdk" */,
				336E5E1328CBB29F0025F245 /* XCRemoteSwiftPackageReference "firebase-ios-sdk" */,
			);
			productRefGroup = 3352D63C2879F2F900441868 /* Products */;
			projectDirPath = "";
			projectRoot = "";
			targets = (
				3352D63A2879F2F900441868 /* Goal App */,
				3352D6532879F30100441868 /* Goal AppTests */,
				3352D65D2879F30100441868 /* Goal AppUITests */,
			);
		};
/* End PBXProject section */

/* Begin PBXResourcesBuildPhase section */
		3352D6392879F2F900441868 /* Resources */ = {
			isa = PBXResourcesBuildPhase;
			buildActionMask = 2147483647;
			files = (
				3352D64E2879F2FF00441868 /* LaunchScreen.storyboard in Resources */,
				33BA7D5828B7D3BD0025DCDD /* PersonalGoals.storyboard in Resources */,
				33DEFCE928830FAE00A68414 /* TableViewCell.xib in Resources */,
				33BA7D5628B7C9000025DCDD /* AddNewGoal.storyboard in Resources */,
				3352D64B2879F2FF00441868 /* Assets.xcassets in Resources */,
				3352D6462879F2F900441868 /* Main.storyboard in Resources */,
				336CAA1B28C8AB9600258135 /* GoogleService-Info.plist in Resources */,
				336E5E1A28CD0B330025F245 /* Home.storyboard in Resources */,
			);
			runOnlyForDeploymentPostprocessing = 0;
		};
		3352D6522879F30100441868 /* Resources */ = {
			isa = PBXResourcesBuildPhase;
			buildActionMask = 2147483647;
			files = (
			);
			runOnlyForDeploymentPostprocessing = 0;
		};
		3352D65C2879F30100441868 /* Resources */ = {
			isa = PBXResourcesBuildPhase;
			buildActionMask = 2147483647;
			files = (
			);
			runOnlyForDeploymentPostprocessing = 0;
		};
/* End PBXResourcesBuildPhase section */

/* Begin PBXShellScriptBuildPhase section */
		33505EC528B6063E006C304F /* ShellScript */ = {
			isa = PBXShellScriptBuildPhase;
			alwaysOutOfDate = 1;
			buildActionMask = 2147483647;
			files = (
			);
			inputFileListPaths = (
			);
			inputPaths = (
			);
			outputFileListPaths = (
			);
			outputPaths = (
			);
			runOnlyForDeploymentPostprocessing = 0;
			shellPath = /bin/sh;
			shellScript = "export PATH=\"$PATH:/opt/homebrew/bin\"\nif which swiftlint > /dev/null; then\n  swiftlint\nelse\n  echo \"warning: SwiftLint not installed, download from https://github.com/realm/SwiftLint\"\nfi\n";
		};
/* End PBXShellScriptBuildPhase section */

/* Begin PBXSourcesBuildPhase section */
		3352D6372879F2F900441868 /* Sources */ = {
			isa = PBXSourcesBuildPhase;
			buildActionMask = 2147483647;
			files = (
				330BD26B288EBBA100866B41 /* Goal.swift in Sources */,
				330BD270288FFD2000866B41 /* PersonalGoalsViewController.swift in Sources */,
				332B753C28D6CC4B00172113 /* MainTabBarController.swift in Sources */,
				33CB299328D367FD003D64A5 /* SignUpRequest.swift in Sources */,
				33D45F982885C47F00167A95 /* UIColor + Extension.swift in Sources */,
				3374EDE828D242D300FE9677 /* Validation.swift in Sources */,
				33A024B728E36A0B00FF199B /* ProfileViewController.swift in Sources */,
				330FE64828BD17B90025BC90 /* FirestoreService.swift in Sources */,
				3341FE3C2892A5CF00A8D58F /* AddNewGoalViewController.swift in Sources */,
				3352D6432879F2F900441868 /* HomeViewController.swift in Sources */,
				3352D63F2879F2F900441868 /* AppDelegate.swift in Sources */,
				33E1620728CF9BE5001CC1D4 /* Constants.swift in Sources */,
				33E1620928CFA738001CC1D4 /* SignUpViewController.swift in Sources */,
				33DDDA4328E0D236005DFE11 /* GoalsDataFetchService.swift in Sources */,
				3374EDEC28D2441600FE9677 /* String + Extension.swift in Sources */,
				33DEFCE828830FAE00A68414 /* TableViewCell.swift in Sources */,
				3374EDEA28D2439500FE9677 /* ValidationResult.swift in Sources */,
				3374EDE328D2413000FE9677 /* FirebaseAuthService.swift in Sources */,
				3374EDEE28D2463A00FE9677 /* LoginResponse.swift in Sources */,
				336EB941287DD5FD009BDA08 /* CircularProgressView.swift in Sources */,
				3352D6412879F2F900441868 /* SceneDelegate.swift in Sources */,
				336E5E1728CD015E0025F245 /* LoginViewController.swift in Sources */,
				33B8E2D228CF4EF5005FC980 /* UITextField + Extension.swift in Sources */,
				3374EDE528D2418500FE9677 /* LoginRequest.swift in Sources */,
			);
			runOnlyForDeploymentPostprocessing = 0;
		};
		3352D6502879F30100441868 /* Sources */ = {
			isa = PBXSourcesBuildPhase;
			buildActionMask = 2147483647;
			files = (
			);
			runOnlyForDeploymentPostprocessing = 0;
		};
		3352D65A2879F30100441868 /* Sources */ = {
			isa = PBXSourcesBuildPhase;
			buildActionMask = 2147483647;
			files = (
			);
			runOnlyForDeploymentPostprocessing = 0;
		};
/* End PBXSourcesBuildPhase section */

/* Begin PBXTargetDependency section */
		3352D6562879F30100441868 /* PBXTargetDependency */ = {
			isa = PBXTargetDependency;
			target = 3352D63A2879F2F900441868 /* Goal App */;
			targetProxy = 3352D6552879F30100441868 /* PBXContainerItemProxy */;
		};
		3352D6602879F30100441868 /* PBXTargetDependency */ = {
			isa = PBXTargetDependency;
			target = 3352D63A2879F2F900441868 /* Goal App */;
			targetProxy = 3352D65F2879F30100441868 /* PBXContainerItemProxy */;
		};
/* End PBXTargetDependency section */

/* Begin PBXVariantGroup section */
		3352D6442879F2F900441868 /* Main.storyboard */ = {
			isa = PBXVariantGroup;
			children = (
				3352D6452879F2F900441868 /* Base */,
			);
			name = Main.storyboard;
			sourceTree = "<group>";
		};
		3352D64C2879F2FF00441868 /* LaunchScreen.storyboard */ = {
			isa = PBXVariantGroup;
			children = (
				3352D64D2879F2FF00441868 /* Base */,
			);
			name = LaunchScreen.storyboard;
			sourceTree = "<group>";
		};
		336E5E1828CD0B330025F245 /* Home.storyboard */ = {
			isa = PBXVariantGroup;
			children = (
				336E5E1928CD0B330025F245 /* Base */,
			);
			name = Home.storyboard;
			sourceTree = "<group>";
		};
		33BA7D5428B7C9000025DCDD /* AddNewGoal.storyboard */ = {
			isa = PBXVariantGroup;
			children = (
				33BA7D5528B7C9000025DCDD /* Base */,
			);
			name = AddNewGoal.storyboard;
			sourceTree = "<group>";
		};
/* End PBXVariantGroup section */

/* Begin XCBuildConfiguration section */
		3352D6662879F30100441868 /* Debug */ = {
			isa = XCBuildConfiguration;
			buildSettings = {
				ALWAYS_SEARCH_USER_PATHS = NO;
				CLANG_ANALYZER_NONNULL = YES;
				CLANG_ANALYZER_NUMBER_OBJECT_CONVERSION = YES_AGGRESSIVE;
				CLANG_CXX_LANGUAGE_STANDARD = "gnu++17";
				CLANG_ENABLE_MODULES = YES;
				CLANG_ENABLE_OBJC_ARC = YES;
				CLANG_ENABLE_OBJC_WEAK = YES;
				CLANG_WARN_BLOCK_CAPTURE_AUTORELEASING = YES;
				CLANG_WARN_BOOL_CONVERSION = YES;
				CLANG_WARN_COMMA = YES;
				CLANG_WARN_CONSTANT_CONVERSION = YES;
				CLANG_WARN_DEPRECATED_OBJC_IMPLEMENTATIONS = YES;
				CLANG_WARN_DIRECT_OBJC_ISA_USAGE = YES_ERROR;
				CLANG_WARN_DOCUMENTATION_COMMENTS = YES;
				CLANG_WARN_EMPTY_BODY = YES;
				CLANG_WARN_ENUM_CONVERSION = YES;
				CLANG_WARN_INFINITE_RECURSION = YES;
				CLANG_WARN_INT_CONVERSION = YES;
				CLANG_WARN_NON_LITERAL_NULL_CONVERSION = YES;
				CLANG_WARN_OBJC_IMPLICIT_RETAIN_SELF = YES;
				CLANG_WARN_OBJC_LITERAL_CONVERSION = YES;
				CLANG_WARN_OBJC_ROOT_CLASS = YES_ERROR;
				CLANG_WARN_QUOTED_INCLUDE_IN_FRAMEWORK_HEADER = YES;
				CLANG_WARN_RANGE_LOOP_ANALYSIS = YES;
				CLANG_WARN_STRICT_PROTOTYPES = YES;
				CLANG_WARN_SUSPICIOUS_MOVE = YES;
				CLANG_WARN_UNGUARDED_AVAILABILITY = YES_AGGRESSIVE;
				CLANG_WARN_UNREACHABLE_CODE = YES;
				CLANG_WARN__DUPLICATE_METHOD_MATCH = YES;
				COPY_PHASE_STRIP = NO;
				DEBUG_INFORMATION_FORMAT = dwarf;
				ENABLE_STRICT_OBJC_MSGSEND = YES;
				ENABLE_TESTABILITY = YES;
				GCC_C_LANGUAGE_STANDARD = gnu11;
				GCC_DYNAMIC_NO_PIC = NO;
				GCC_NO_COMMON_BLOCKS = YES;
				GCC_OPTIMIZATION_LEVEL = 0;
				GCC_PREPROCESSOR_DEFINITIONS = (
					"DEBUG=1",
					"$(inherited)",
				);
				GCC_WARN_64_TO_32_BIT_CONVERSION = YES;
				GCC_WARN_ABOUT_RETURN_TYPE = YES_ERROR;
				GCC_WARN_UNDECLARED_SELECTOR = YES;
				GCC_WARN_UNINITIALIZED_AUTOS = YES_AGGRESSIVE;
				GCC_WARN_UNUSED_FUNCTION = YES;
				GCC_WARN_UNUSED_VARIABLE = YES;
				IPHONEOS_DEPLOYMENT_TARGET = 15.5;
				MTL_ENABLE_DEBUG_INFO = INCLUDE_SOURCE;
				MTL_FAST_MATH = YES;
				ONLY_ACTIVE_ARCH = YES;
				SDKROOT = iphoneos;
				SWIFT_ACTIVE_COMPILATION_CONDITIONS = DEBUG;
				SWIFT_OPTIMIZATION_LEVEL = "-Onone";
			};
			name = Debug;
		};
		3352D6672879F30100441868 /* Release */ = {
			isa = XCBuildConfiguration;
			buildSettings = {
				ALWAYS_SEARCH_USER_PATHS = NO;
				CLANG_ANALYZER_NONNULL = YES;
				CLANG_ANALYZER_NUMBER_OBJECT_CONVERSION = YES_AGGRESSIVE;
				CLANG_CXX_LANGUAGE_STANDARD = "gnu++17";
				CLANG_ENABLE_MODULES = YES;
				CLANG_ENABLE_OBJC_ARC = YES;
				CLANG_ENABLE_OBJC_WEAK = YES;
				CLANG_WARN_BLOCK_CAPTURE_AUTORELEASING = YES;
				CLANG_WARN_BOOL_CONVERSION = YES;
				CLANG_WARN_COMMA = YES;
				CLANG_WARN_CONSTANT_CONVERSION = YES;
				CLANG_WARN_DEPRECATED_OBJC_IMPLEMENTATIONS = YES;
				CLANG_WARN_DIRECT_OBJC_ISA_USAGE = YES_ERROR;
				CLANG_WARN_DOCUMENTATION_COMMENTS = YES;
				CLANG_WARN_EMPTY_BODY = YES;
				CLANG_WARN_ENUM_CONVERSION = YES;
				CLANG_WARN_INFINITE_RECURSION = YES;
				CLANG_WARN_INT_CONVERSION = YES;
				CLANG_WARN_NON_LITERAL_NULL_CONVERSION = YES;
				CLANG_WARN_OBJC_IMPLICIT_RETAIN_SELF = YES;
				CLANG_WARN_OBJC_LITERAL_CONVERSION = YES;
				CLANG_WARN_OBJC_ROOT_CLASS = YES_ERROR;
				CLANG_WARN_QUOTED_INCLUDE_IN_FRAMEWORK_HEADER = YES;
				CLANG_WARN_RANGE_LOOP_ANALYSIS = YES;
				CLANG_WARN_STRICT_PROTOTYPES = YES;
				CLANG_WARN_SUSPICIOUS_MOVE = YES;
				CLANG_WARN_UNGUARDED_AVAILABILITY = YES_AGGRESSIVE;
				CLANG_WARN_UNREACHABLE_CODE = YES;
				CLANG_WARN__DUPLICATE_METHOD_MATCH = YES;
				COPY_PHASE_STRIP = NO;
				DEBUG_INFORMATION_FORMAT = "dwarf-with-dsym";
				ENABLE_NS_ASSERTIONS = NO;
				ENABLE_STRICT_OBJC_MSGSEND = YES;
				GCC_C_LANGUAGE_STANDARD = gnu11;
				GCC_NO_COMMON_BLOCKS = YES;
				GCC_WARN_64_TO_32_BIT_CONVERSION = YES;
				GCC_WARN_ABOUT_RETURN_TYPE = YES_ERROR;
				GCC_WARN_UNDECLARED_SELECTOR = YES;
				GCC_WARN_UNINITIALIZED_AUTOS = YES_AGGRESSIVE;
				GCC_WARN_UNUSED_FUNCTION = YES;
				GCC_WARN_UNUSED_VARIABLE = YES;
				IPHONEOS_DEPLOYMENT_TARGET = 15.5;
				MTL_ENABLE_DEBUG_INFO = NO;
				MTL_FAST_MATH = YES;
				SDKROOT = iphoneos;
				SWIFT_COMPILATION_MODE = wholemodule;
				SWIFT_OPTIMIZATION_LEVEL = "-O";
				VALIDATE_PRODUCT = YES;
			};
			name = Release;
		};
		3352D6692879F30100441868 /* Debug */ = {
			isa = XCBuildConfiguration;
			buildSettings = {
				ASSETCATALOG_COMPILER_APPICON_NAME = AppIcon;
				ASSETCATALOG_COMPILER_GLOBAL_ACCENT_COLOR_NAME = AccentColor;
				CODE_SIGN_STYLE = Automatic;
				CURRENT_PROJECT_VERSION = 1;
				DEVELOPMENT_TEAM = M6BVSJT4WN;
				GENERATE_INFOPLIST_FILE = YES;
				INFOPLIST_FILE = "Goal App/Info.plist";
				INFOPLIST_KEY_UIApplicationSupportsIndirectInputEvents = YES;
				INFOPLIST_KEY_UILaunchStoryboardName = LaunchScreen;
				INFOPLIST_KEY_UIMainStoryboardFile = Main;
				INFOPLIST_KEY_UISupportedInterfaceOrientations = UIInterfaceOrientationPortrait;
				INFOPLIST_KEY_UISupportedInterfaceOrientations_iPad = "UIInterfaceOrientationLandscapeLeft UIInterfaceOrientationLandscapeRight UIInterfaceOrientationPortraitUpsideDown";
				LD_RUNPATH_SEARCH_PATHS = (
					"$(inherited)",
					"@executable_path/Frameworks",
				);
				MARKETING_VERSION = 1.0;
				PRODUCT_BUNDLE_IDENTIFIER = "com.codingmonkey.Goal-App";
				PRODUCT_NAME = "$(TARGET_NAME)";
				SUPPORTED_PLATFORMS = "iphoneos iphonesimulator";
				SUPPORTS_MACCATALYST = NO;
				SUPPORTS_MAC_DESIGNED_FOR_IPHONE_IPAD = NO;
				SWIFT_EMIT_LOC_STRINGS = YES;
				SWIFT_VERSION = 5.0;
				TARGETED_DEVICE_FAMILY = 1;
			};
			name = Debug;
		};
		3352D66A2879F30100441868 /* Release */ = {
			isa = XCBuildConfiguration;
			buildSettings = {
				ASSETCATALOG_COMPILER_APPICON_NAME = AppIcon;
				ASSETCATALOG_COMPILER_GLOBAL_ACCENT_COLOR_NAME = AccentColor;
				CODE_SIGN_STYLE = Automatic;
				CURRENT_PROJECT_VERSION = 1;
				DEVELOPMENT_TEAM = M6BVSJT4WN;
				GENERATE_INFOPLIST_FILE = YES;
				INFOPLIST_FILE = "Goal App/Info.plist";
				INFOPLIST_KEY_UIApplicationSupportsIndirectInputEvents = YES;
				INFOPLIST_KEY_UILaunchStoryboardName = LaunchScreen;
				INFOPLIST_KEY_UIMainStoryboardFile = Main;
				INFOPLIST_KEY_UISupportedInterfaceOrientations = UIInterfaceOrientationPortrait;
				INFOPLIST_KEY_UISupportedInterfaceOrientations_iPad = "UIInterfaceOrientationLandscapeLeft UIInterfaceOrientationLandscapeRight UIInterfaceOrientationPortraitUpsideDown";
				LD_RUNPATH_SEARCH_PATHS = (
					"$(inherited)",
					"@executable_path/Frameworks",
				);
				MARKETING_VERSION = 1.0;
				PRODUCT_BUNDLE_IDENTIFIER = "com.codingmonkey.Goal-App";
				PRODUCT_NAME = "$(TARGET_NAME)";
				SUPPORTED_PLATFORMS = "iphoneos iphonesimulator";
				SUPPORTS_MACCATALYST = NO;
				SUPPORTS_MAC_DESIGNED_FOR_IPHONE_IPAD = NO;
				SWIFT_EMIT_LOC_STRINGS = YES;
				SWIFT_VERSION = 5.0;
				TARGETED_DEVICE_FAMILY = 1;
			};
			name = Release;
		};
		3352D66C2879F30100441868 /* Debug */ = {
			isa = XCBuildConfiguration;
			buildSettings = {
				ALWAYS_EMBED_SWIFT_STANDARD_LIBRARIES = YES;
				BUNDLE_LOADER = "$(TEST_HOST)";
				CODE_SIGN_STYLE = Automatic;
				CURRENT_PROJECT_VERSION = 1;
				DEVELOPMENT_TEAM = M6BVSJT4WN;
				GENERATE_INFOPLIST_FILE = YES;
				IPHONEOS_DEPLOYMENT_TARGET = 16.0;
				MARKETING_VERSION = 1.0;
				PRODUCT_BUNDLE_IDENTIFIER = "com.codingmonkey.Goal-AppTests";
				PRODUCT_NAME = "$(TARGET_NAME)";
				SWIFT_EMIT_LOC_STRINGS = NO;
				SWIFT_VERSION = 5.0;
				TARGETED_DEVICE_FAMILY = "1,2";
				TEST_HOST = "$(BUILT_PRODUCTS_DIR)/Goal App.app/$(BUNDLE_EXECUTABLE_FOLDER_PATH)/Goal App";
			};
			name = Debug;
		};
		3352D66D2879F30100441868 /* Release */ = {
			isa = XCBuildConfiguration;
			buildSettings = {
				ALWAYS_EMBED_SWIFT_STANDARD_LIBRARIES = YES;
				BUNDLE_LOADER = "$(TEST_HOST)";
				CODE_SIGN_STYLE = Automatic;
				CURRENT_PROJECT_VERSION = 1;
				DEVELOPMENT_TEAM = M6BVSJT4WN;
				GENERATE_INFOPLIST_FILE = YES;
				IPHONEOS_DEPLOYMENT_TARGET = 16.0;
				MARKETING_VERSION = 1.0;
				PRODUCT_BUNDLE_IDENTIFIER = "com.codingmonkey.Goal-AppTests";
				PRODUCT_NAME = "$(TARGET_NAME)";
				SWIFT_EMIT_LOC_STRINGS = NO;
				SWIFT_VERSION = 5.0;
				TARGETED_DEVICE_FAMILY = "1,2";
				TEST_HOST = "$(BUILT_PRODUCTS_DIR)/Goal App.app/$(BUNDLE_EXECUTABLE_FOLDER_PATH)/Goal App";
			};
			name = Release;
		};
		3352D66F2879F30100441868 /* Debug */ = {
			isa = XCBuildConfiguration;
			buildSettings = {
				ALWAYS_EMBED_SWIFT_STANDARD_LIBRARIES = YES;
				CODE_SIGN_STYLE = Automatic;
				CURRENT_PROJECT_VERSION = 1;
				DEVELOPMENT_TEAM = M6BVSJT4WN;
				GENERATE_INFOPLIST_FILE = YES;
				MARKETING_VERSION = 1.0;
				PRODUCT_BUNDLE_IDENTIFIER = "com.codingmonkey.Goal-AppUITests";
				PRODUCT_NAME = "$(TARGET_NAME)";
				SWIFT_EMIT_LOC_STRINGS = NO;
				SWIFT_VERSION = 5.0;
				TARGETED_DEVICE_FAMILY = "1,2";
				TEST_TARGET_NAME = "Goal App";
			};
			name = Debug;
		};
		3352D6702879F30100441868 /* Release */ = {
			isa = XCBuildConfiguration;
			buildSettings = {
				ALWAYS_EMBED_SWIFT_STANDARD_LIBRARIES = YES;
				CODE_SIGN_STYLE = Automatic;
				CURRENT_PROJECT_VERSION = 1;
				DEVELOPMENT_TEAM = M6BVSJT4WN;
				GENERATE_INFOPLIST_FILE = YES;
				MARKETING_VERSION = 1.0;
				PRODUCT_BUNDLE_IDENTIFIER = "com.codingmonkey.Goal-AppUITests";
				PRODUCT_NAME = "$(TARGET_NAME)";
				SWIFT_EMIT_LOC_STRINGS = NO;
				SWIFT_VERSION = 5.0;
				TARGETED_DEVICE_FAMILY = "1,2";
				TEST_TARGET_NAME = "Goal App";
			};
			name = Release;
		};
/* End XCBuildConfiguration section */

/* Begin XCConfigurationList section */
		3352D6362879F2F900441868 /* Build configuration list for PBXProject "Goal App" */ = {
			isa = XCConfigurationList;
			buildConfigurations = (
				3352D6662879F30100441868 /* Debug */,
				3352D6672879F30100441868 /* Release */,
			);
			defaultConfigurationIsVisible = 0;
			defaultConfigurationName = Release;
		};
		3352D6682879F30100441868 /* Build configuration list for PBXNativeTarget "Goal App" */ = {
			isa = XCConfigurationList;
			buildConfigurations = (
				3352D6692879F30100441868 /* Debug */,
				3352D66A2879F30100441868 /* Release */,
			);
			defaultConfigurationIsVisible = 0;
			defaultConfigurationName = Release;
		};
		3352D66B2879F30100441868 /* Build configuration list for PBXNativeTarget "Goal AppTests" */ = {
			isa = XCConfigurationList;
			buildConfigurations = (
				3352D66C2879F30100441868 /* Debug */,
				3352D66D2879F30100441868 /* Release */,
			);
			defaultConfigurationIsVisible = 0;
			defaultConfigurationName = Release;
		};
		3352D66E2879F30100441868 /* Build configuration list for PBXNativeTarget "Goal AppUITests" */ = {
			isa = XCConfigurationList;
			buildConfigurations = (
				3352D66F2879F30100441868 /* Debug */,
				3352D6702879F30100441868 /* Release */,
			);
			defaultConfigurationIsVisible = 0;
			defaultConfigurationName = Release;
		};
/* End XCConfigurationList section */

/* Begin XCRemoteSwiftPackageReference section */
		3362D0F528BBCE6C00471A08 /* XCRemoteSwiftPackageReference "firebase-ios-sdk" */ = {
			isa = XCRemoteSwiftPackageReference;
			repositoryURL = "https://github.com/firebase/firebase-ios-sdk.git";
			requirement = {
				kind = upToNextMajorVersion;
				minimumVersion = 9.0.0;
			};
		};
		336E5E1328CBB29F0025F245 /* XCRemoteSwiftPackageReference "firebase-ios-sdk" */ = {
			isa = XCRemoteSwiftPackageReference;
			repositoryURL = "https://github.com/firebase/firebase-ios-sdk.git";
			requirement = {
				kind = upToNextMajorVersion;
				minimumVersion = 9.0.0;
			};
		};
/* End XCRemoteSwiftPackageReference section */

/* Begin XCSwiftPackageProductDependency section */
		3362D0F628BBCE6C00471A08 /* FirebaseFirestore */ = {
			isa = XCSwiftPackageProductDependency;
			package = 3362D0F528BBCE6C00471A08 /* XCRemoteSwiftPackageReference "firebase-ios-sdk" */;
			productName = FirebaseFirestore;
		};
		336E5E1428CBB29F0025F245 /* FirebaseAuth */ = {
			isa = XCSwiftPackageProductDependency;
			package = 3362D0F528BBCE6C00471A08 /* XCRemoteSwiftPackageReference "firebase-ios-sdk" */;
			productName = FirebaseAuth;
		};
/* End XCSwiftPackageProductDependency section */
	};
	rootObject = 3352D6332879F2F900441868 /* Project object */;
}
